<?xml version="1.0" encoding="utf-8"?>
<Project ToolsVersion="4.0" xmlns="http://schemas.microsoft.com/developer/msbuild/2003">
  <ItemGroup>
    <ClCompile Include="Source\AICastle.cpp" />
    <ClCompile Include="Source\Application.cpp" />
    <ClCompile Include="Source\Bow.cpp" />
    <ClCompile Include="Source\Camera.cpp" />
    <ClCompile Include="Source\Cannon.cpp" />
    <ClCompile Include="Source\Catapult.cpp" />
    <ClCompile Include="Source\BackGround.cpp" />
    <ClCompile Include="Source\Buildings.cpp" />
    <ClCompile Include="Source\CollisionManager.cpp" />
    <ClCompile Include="Source\Credits_Menu.cpp" />
    <ClCompile Include="Source\Enemy.cpp" />
    <ClCompile Include="Source\Factory.cpp" />
    <ClCompile Include="Source\FileConfiguration.cpp" />
    <ClCompile Include="Source\GameObjectManager.cpp" />
    <ClCompile Include="Source\GameObject.cpp" />
    <ClCompile Include="Source\LoadHmap.cpp" />
    <ClCompile Include="Source\LoadOBJ.cpp" />
    <ClCompile Include="Source\LoadTGA.cpp" />
    <ClCompile Include="Source\LoseScene.cpp" />
    <ClCompile Include="Source\main.cpp" />
    <ClCompile Include="Source\MainMenu.cpp" />
    <ClCompile Include="Source\Mesh.cpp" />
    <ClCompile Include="Source\MeshBuilder.cpp" />
    <ClCompile Include="Source\MiniMap.cpp" />
    <ClCompile Include="Source\Player.cpp" />
    <ClCompile Include="Source\PlayerInfo.cpp" />
    <ClCompile Include="Source\PlayerTroops.cpp" />
    <ClCompile Include="Source\Projectile.cpp" />
    <ClCompile Include="Source\SceneBase.cpp" />
    <ClCompile Include="Source\SceneManager.cpp" />
    <ClCompile Include="Source\shader.cpp" />
    <ClCompile Include="Source\SoundEngine.cpp" />
    <ClCompile Include="Source\SpriteAnimation.cpp" />
    <ClCompile Include="Source\Stage1.cpp" />
    <ClCompile Include="Source\Start_Scene.cpp" />
    <ClCompile Include="Source\UIManager.cpp" />
    <ClCompile Include="Source\Utility.cpp" />
    <ClCompile Include="Source\WeaponInfo.cpp" />
  </ItemGroup>
  <ItemGroup>
    <ClInclude Include="Source\AICastle.h" />
    <ClInclude Include="Source\Application.h" />
    <ClInclude Include="Source\Bow.h" />
    <ClInclude Include="Source\Camera.h" />
    <ClInclude Include="Source\Cannon.h" />
    <ClInclude Include="Source\Catapult.h" />
    <ClInclude Include="Source\BackGround.h" />
    <ClInclude Include="Source\Buildings.h" />
    <ClInclude Include="Source\CollisionManager.h" />
    <ClInclude Include="Source\Credits_Menu.h" />
    <ClInclude Include="Source\Enemy.h" />
    <ClInclude Include="Source\Factory.h" />
    <ClInclude Include="Source\FileConfiguration.h" />
    <ClInclude Include="Source\GameObjectManager.h" />
    <ClInclude Include="Source\GameObject.h" />
    <ClInclude Include="Source\Light.h" />
    <ClInclude Include="Source\LoadHmap.h" />
    <ClInclude Include="Source\LoadOBJ.h" />
    <ClInclude Include="Source\LoadTGA.h" />
    <ClInclude Include="Source\LoseScene.h" />
    <ClInclude Include="Source\MainMenu.h" />
    <ClInclude Include="Source\Material.h" />
    <ClInclude Include="Source\Mesh.h" />
    <ClInclude Include="Source\MeshBuilder.h" />
    <ClInclude Include="Source\MiniMap.h" />
    <ClInclude Include="Source\Player.h" />
    <ClInclude Include="Source\PlayerInfo.h" />
    <ClInclude Include="Source\PlayerTroops.h" />
    <ClInclude Include="Source\Projectile.h" />
    <ClInclude Include="Source\Scene.h" />
    <ClInclude Include="Source\SceneBase.h" />
    <ClInclude Include="Source\SceneManager.h" />
    <ClInclude Include="Source\shader.hpp" />
    <ClInclude Include="Source\Singleton.h" />
    <ClInclude Include="Source\SoundEngine.h" />
    <ClInclude Include="Source\SpriteAnimation.h" />
    <ClInclude Include="Source\Stage1.h" />
    <ClInclude Include="Source\Start_Scene.h" />
    <ClInclude Include="Source\UIManager.h" />
    <ClInclude Include="Source\Utility.h" />
    <ClInclude Include="Source\Vertex.h" />
    <ClInclude Include="Source\WeaponInfo.h" />
  </ItemGroup>
</Project>